<?xml version="1.0" encoding="utf-8"?>
<Project ToolsVersion="4.0" xmlns="http://schemas.microsoft.com/developer/msbuild/2003">
  <ItemGroup>
    <Filter Include="소스 파일">
      <UniqueIdentifier>{4FC737F1-C7A5-4376-A066-2A32D752A2FF}</UniqueIdentifier>
      <Extensions>cpp;c;cc;cxx;c++;cppm;ixx;def;odl;idl;hpj;bat;asm;asmx</Extensions>
    </Filter>
    <Filter Include="헤더 파일">
      <UniqueIdentifier>{93995380-89BD-4b04-88EB-625FBE52EBFB}</UniqueIdentifier>
      <Extensions>h;hh;hpp;hxx;h++;hm;inl;inc;ipp;xsd</Extensions>
    </Filter>
    <Filter Include="리소스 파일">
      <UniqueIdentifier>{67DA6AB6-F800-4c08-8B7A-83BB121AAD01}</UniqueIdentifier>
      <Extensions>rc;ico;cur;bmp;dlg;rc2;rct;bin;rgs;gif;jpg;jpeg;jpe;resx;tiff;tif;png;wav;mfcribbon-ms</Extensions>
    </Filter>
    <Filter Include="소스 파일\해싱">
      <UniqueIdentifier>{9f5cfce4-ed34-4924-8313-30b87997d52a}</UniqueIdentifier>
    </Filter>
    <Filter Include="소스 파일\링크드리스트">
      <UniqueIdentifier>{98a396c8-3dd9-402a-8916-22c31ee62dfb}</UniqueIdentifier>
    </Filter>
    <Filter Include="소스 파일\구현">
      <UniqueIdentifier>{f6b55fb6-0c79-44a1-ab4c-671fcf34eb24}</UniqueIdentifier>
    </Filter>
    <Filter Include="소스 파일\TeamNotes">
      <UniqueIdentifier>{20f1b3b2-95b8-4ade-9049-ca6dbb9e2904}</UniqueIdentifier>
    </Filter>
    <Filter Include="소스 파일\SWEA">
      <UniqueIdentifier>{4fb87910-8b7d-428f-820b-c23ee3dba82b}</UniqueIdentifier>
    </Filter>
  </ItemGroup>
  <ItemGroup>
    <ClCompile Include="q15829.cpp">
      <Filter>소스 파일\해싱</Filter>
    </ClCompile>
    <ClCompile Include="q1920.cpp">
      <Filter>소스 파일\해싱</Filter>
    </ClCompile>
    <ClCompile Include="q13458.cpp">
      <Filter>소스 파일\SWEA</Filter>
    </ClCompile>
    <ClCompile Include="q14889.cpp">
      <Filter>소스 파일\SWEA</Filter>
    </ClCompile>
    <ClCompile Include="q2460.cpp">
      <Filter>소스 파일\구현</Filter>
    </ClCompile>
    <ClCompile Include="q2592.cpp">
      <Filter>소스 파일\구현</Filter>
    </ClCompile>
    <ClCompile Include="q1770.cpp">
      <Filter>소스 파일\SWEA</Filter>
    </ClCompile>
    <ClCompile Include="q5658.cpp">
      <Filter>소스 파일\SWEA</Filter>
    </ClCompile>
    <ClCompile Include="user.cpp">
      <Filter>소스 파일\SWEA</Filter>
    </ClCompile>
    <ClCompile Include="ex.cpp">
      <Filter>소스 파일</Filter>
    </ClCompile>
    <ClCompile Include="q1949.cpp">
      <Filter>소스 파일\SWEA</Filter>
    </ClCompile>
    <ClCompile Include="queue.cpp">
      <Filter>소스 파일\TeamNotes</Filter>
    </ClCompile>
    <ClCompile Include="bfs.cpp">
      <Filter>소스 파일\TeamNotes</Filter>
    </ClCompile>
    <ClCompile Include="q1245.cpp">
      <Filter>소스 파일\SWEA</Filter>
    </ClCompile>
  </ItemGroup>
</Project>